{
  "name": "module-api-server",
  "version": "0.1.7",
  "lockfileVersion": 1,
  "requires": true,
  "dependencies": {
    "gar": {
      "version": "1.0.4",
      "resolved": "https://registry.npmjs.org/gar/-/gar-1.0.4.tgz",
      "integrity": "sha512-w4n9cPWyP7aHxKxYHFQMegj7WIAsL/YX/C4Bs5Rr8s1H9M1rNtRWRsw+ovYMkXDQ5S4ZbYHsHAPmevPjPgw44w=="
    }
  }
}
